
Microsoft Visual Studio Solution File, Format Version 12.00
# Visual Studio Version 16
VisualStudioVersion = 16.0.29424.173
MinimumVisualStudioVersion = 10.0.40219.1
Project("{FAE04EC0-301F-11D3-BF4B-00C04F79EFBC}") = "AutoCount2", "AutoCount2.csproj", "{289DD8AB-23ED-4C1C-A41A-7689CB52E0FB}"
EndProject
Global
	GlobalSection(SolutionConfigurationPlatforms) = preSolution
		Debug|Any CPU = Debug|Any CPU
		Release|Any CPU = Release|Any CPU
	EndGlobalSection
	GlobalSection(ProjectConfigurationPlatforms) = postSolution
		{289DD8AB-23ED-4C1C-A41A-7689CB52E0FB}.Debug|Any CPU.ActiveCfg = Debug|Any CPU
		{289DD8AB-23ED-4C1C-A41A-7689CB52E0FB}.Debug|Any CPU.Build.0 = Debug|Any CPU
		{289DD8AB-23ED-4C1C-A41A-7689CB52E0FB}.Release|Any CPU.ActiveCfg = Release|Any CPU
		{289DD8AB-23ED-4C1C-A41A-7689CB52E0FB}.Release|Any CPU.Build.0 = Release|Any CPU
	EndGlobalSection
	GlobalSection(SolutionProperties) = preSolution
		HideSolutionNode = FALSE
	EndGlobalSection
	GlobalSection(ExtensibilityGlobals) = postSolution
		SolutionGuid = {9367F1A0-8A3B-4AEE-87AD-C58101E47D53}
	EndGlobalSection
EndGlobal
